
Microsoft Visual Studio Solution File, Format Version 12.00
# Visual Studio 15
VisualStudioVersion = 15.0.27004.2002
MinimumVisualStudioVersion = 10.0.40219.1
Project("{FAE04EC0-301F-11D3-BF4B-00C04F79EFBC}") = "NLayerArchitecture.WEB", "NLayerArchitecture.WEB\NLayerArchitecture.WEB.csproj", "{9146AE35-F78C-459A-8F04-16D04562BC38}"
EndProject
Project("{FAE04EC0-301F-11D3-BF4B-00C04F79EFBC}") = "NLayerArchitecture.DAL", "NLayerArchitecture.DAL\NLayerArchitecture.DAL.csproj", "{925F7D31-B4BC-413B-862A-43EB18D96007}"
EndProject
Project("{FAE04EC0-301F-11D3-BF4B-00C04F79EFBC}") = "NLayerArchitecture.BLL", "NLayerArchitecture.BLL\NLayerArchitecture.BLL.csproj", "{10B9A2A4-208C-4225-B854-AEDCC5DBCC9D}"
EndProject
Global
	GlobalSection(SolutionConfigurationPlatforms) = preSolution
		Debug|Any CPU = Debug|Any CPU
		Release|Any CPU = Release|Any CPU
	EndGlobalSection
	GlobalSection(ProjectConfigurationPlatforms) = postSolution
		{9146AE35-F78C-459A-8F04-16D04562BC38}.Debug|Any CPU.ActiveCfg = Debug|Any CPU
		{9146AE35-F78C-459A-8F04-16D04562BC38}.Debug|Any CPU.Build.0 = Debug|Any CPU
		{9146AE35-F78C-459A-8F04-16D04562BC38}.Release|Any CPU.ActiveCfg = Release|Any CPU
		{9146AE35-F78C-459A-8F04-16D04562BC38}.Release|Any CPU.Build.0 = Release|Any CPU
		{925F7D31-B4BC-413B-862A-43EB18D96007}.Debug|Any CPU.ActiveCfg = Debug|Any CPU
		{925F7D31-B4BC-413B-862A-43EB18D96007}.Debug|Any CPU.Build.0 = Debug|Any CPU
		{925F7D31-B4BC-413B-862A-43EB18D96007}.Release|Any CPU.ActiveCfg = Release|Any CPU
		{925F7D31-B4BC-413B-862A-43EB18D96007}.Release|Any CPU.Build.0 = Release|Any CPU
		{10B9A2A4-208C-4225-B854-AEDCC5DBCC9D}.Debug|Any CPU.ActiveCfg = Debug|Any CPU
		{10B9A2A4-208C-4225-B854-AEDCC5DBCC9D}.Debug|Any CPU.Build.0 = Debug|Any CPU
		{10B9A2A4-208C-4225-B854-AEDCC5DBCC9D}.Release|Any CPU.ActiveCfg = Release|Any CPU
		{10B9A2A4-208C-4225-B854-AEDCC5DBCC9D}.Release|Any CPU.Build.0 = Release|Any CPU
	EndGlobalSection
	GlobalSection(SolutionProperties) = preSolution
		HideSolutionNode = FALSE
	EndGlobalSection
	GlobalSection(ExtensibilityGlobals) = postSolution
		SolutionGuid = {CCB7756E-3E37-47CE-A1DD-5CC39854C6DF}
	EndGlobalSection
EndGlobal
