
Microsoft Visual Studio Solution File, Format Version 12.00
# Visual Studio 15
VisualStudioVersion = 15.0.27004.2002
MinimumVisualStudioVersion = 10.0.40219.1
Project("{FAE04EC0-301F-11D3-BF4B-00C04F79EFBC}") = "MVCMoovie", "..\..\..\ASP.NET\Learning\MVCMoovie\MVCMoovie\MVCMoovie.csproj", "{5892D3C6-C89E-4951-A283-A41682530703}"
EndProject
Project("{FAE04EC0-301F-11D3-BF4B-00C04F79EFBC}") = "Sample_ASP.NET_With_Classes_Using", "..\..\..\ASP.NET\Learning\Sample_ASP.NET_With_Classes_Using\Sample_ASP.NET_With_Classes_Using\Sample_ASP.NET_With_Classes_Using.csproj", "{84ADD20E-307E-41B8-B541-186FEE493E2C}"
EndProject
Project("{E24C65DC-7377-472B-9ABA-BC803B73C61A}") = "SampleWebSite", "..\..\..\ASP.NET\Learning\SampleWebSite\", "{F032039C-8B23-41A2-852F-B3DD3F6680B4}"
	ProjectSection(WebsiteProperties) = preProject
		TargetFrameworkMoniker = ".NETFramework,Version%3Dv4.6.1"
		Debug.AspNetCompiler.VirtualPath = "/localhost_55632"
		Debug.AspNetCompiler.PhysicalPath = "..\..\..\ASP.NET\Learning\SampleWebSite\"
		Debug.AspNetCompiler.TargetPath = "PrecompiledWeb\localhost_55632\"
		Debug.AspNetCompiler.Updateable = "true"
		Debug.AspNetCompiler.ForceOverwrite = "true"
		Debug.AspNetCompiler.FixedNames = "false"
		Debug.AspNetCompiler.Debug = "True"
		Release.AspNetCompiler.VirtualPath = "/localhost_55632"
		Release.AspNetCompiler.PhysicalPath = "..\..\..\ASP.NET\Learning\SampleWebSite\"
		Release.AspNetCompiler.TargetPath = "PrecompiledWeb\localhost_55632\"
		Release.AspNetCompiler.Updateable = "true"
		Release.AspNetCompiler.ForceOverwrite = "true"
		Release.AspNetCompiler.FixedNames = "false"
		Release.AspNetCompiler.Debug = "False"
		VWDPort = "55632"
	EndProjectSection
EndProject
Global
	GlobalSection(SolutionConfigurationPlatforms) = preSolution
		Debug|Any CPU = Debug|Any CPU
		Release|Any CPU = Release|Any CPU
	EndGlobalSection
	GlobalSection(ProjectConfigurationPlatforms) = postSolution
		{5892D3C6-C89E-4951-A283-A41682530703}.Debug|Any CPU.ActiveCfg = Debug|Any CPU
		{5892D3C6-C89E-4951-A283-A41682530703}.Debug|Any CPU.Build.0 = Debug|Any CPU
		{5892D3C6-C89E-4951-A283-A41682530703}.Release|Any CPU.ActiveCfg = Release|Any CPU
		{5892D3C6-C89E-4951-A283-A41682530703}.Release|Any CPU.Build.0 = Release|Any CPU
		{84ADD20E-307E-41B8-B541-186FEE493E2C}.Debug|Any CPU.ActiveCfg = Debug|Any CPU
		{84ADD20E-307E-41B8-B541-186FEE493E2C}.Debug|Any CPU.Build.0 = Debug|Any CPU
		{84ADD20E-307E-41B8-B541-186FEE493E2C}.Release|Any CPU.ActiveCfg = Release|Any CPU
		{84ADD20E-307E-41B8-B541-186FEE493E2C}.Release|Any CPU.Build.0 = Release|Any CPU
		{F032039C-8B23-41A2-852F-B3DD3F6680B4}.Debug|Any CPU.ActiveCfg = Debug|Any CPU
		{F032039C-8B23-41A2-852F-B3DD3F6680B4}.Debug|Any CPU.Build.0 = Debug|Any CPU
		{F032039C-8B23-41A2-852F-B3DD3F6680B4}.Release|Any CPU.ActiveCfg = Debug|Any CPU
		{F032039C-8B23-41A2-852F-B3DD3F6680B4}.Release|Any CPU.Build.0 = Debug|Any CPU
	EndGlobalSection
	GlobalSection(SolutionProperties) = preSolution
		HideSolutionNode = FALSE
	EndGlobalSection
	GlobalSection(ExtensibilityGlobals) = postSolution
		SolutionGuid = {728EC9FA-AFCC-4FC5-9220-6041D11DA00D}
	EndGlobalSection
EndGlobal
